
Microsoft Visual Studio Solution File, Format Version 12.00
# Visual Studio 15
VisualStudioVersion = 15.0.28307.645
MinimumVisualStudioVersion = 10.0.40219.1
Project("{FAE04EC0-301F-11D3-BF4B-00C04F79EFBC}") = "PULL", "PULL\PULL.csproj", "{ECC0FC4A-D0CB-45D6-984A-03747FFCAD18}"
EndProject
Global
	GlobalSection(SolutionConfigurationPlatforms) = preSolution
		Debug|Any CPU = Debug|Any CPU
		Release|Any CPU = Release|Any CPU
	EndGlobalSection
	GlobalSection(ProjectConfigurationPlatforms) = postSolution
		{ECC0FC4A-D0CB-45D6-984A-03747FFCAD18}.Debug|Any CPU.ActiveCfg = Debug|Any CPU
		{ECC0FC4A-D0CB-45D6-984A-03747FFCAD18}.Debug|Any CPU.Build.0 = Debug|Any CPU
		{ECC0FC4A-D0CB-45D6-984A-03747FFCAD18}.Release|Any CPU.ActiveCfg = Release|Any CPU
		{ECC0FC4A-D0CB-45D6-984A-03747FFCAD18}.Release|Any CPU.Build.0 = Release|Any CPU
	EndGlobalSection
	GlobalSection(SolutionProperties) = preSolution
		HideSolutionNode = FALSE
	EndGlobalSection
	GlobalSection(ExtensibilityGlobals) = postSolution
		SolutionGuid = {374215A3-3718-49C0-8D83-3436C5EF1DED}
	EndGlobalSection
EndGlobal
